// !$*UTF8*$!
{
	archiveVersion = 1;
	classes = {
	};
	objectVersion = 46;
	objects = {

/* Begin PBXBuildFile section */
		1407D7A21BFFBA9800DCD705 /* AppDelegate.swift in Sources */ = {isa = PBXBuildFile; fileRef = 1407D7A11BFFBA9800DCD705 /* AppDelegate.swift */; };
		1407D7A41BFFBA9800DCD705 /* ParallaxViewController.swift in Sources */ = {isa = PBXBuildFile; fileRef = 1407D7A31BFFBA9800DCD705 /* ParallaxViewController.swift */; };
		1407D7A71BFFBA9800DCD705 /* Main.storyboard in Resources */ = {isa = PBXBuildFile; fileRef = 1407D7A51BFFBA9800DCD705 /* Main.storyboard */; };
		1407D7A91BFFBA9800DCD705 /* Assets.xcassets in Resources */ = {isa = PBXBuildFile; fileRef = 1407D7A81BFFBA9800DCD705 /* Assets.xcassets */; };
		1407D7AC1BFFBA9800DCD705 /* LaunchScreen.storyboard in Resources */ = {isa = PBXBuildFile; fileRef = 1407D7AA1BFFBA9800DCD705 /* LaunchScreen.storyboard */; };
		1407D7B41BFFBD5C00DCD705 /* Cartography.framework in Frameworks */ = {isa = PBXBuildFile; fileRef = 1407D7B31BFFBD5C00DCD705 /* Cartography.framework */; };
		1407D7B71BFFBD9800DCD705 /* Cartography.framework.dSYM in Copy DSYM Files */ = {isa = PBXBuildFile; fileRef = 1407D7B61BFFBD9800DCD705 /* Cartography.framework.dSYM */; };
		1407D7BB1BFFCDD000DCD705 /* PopAnimationCloneViewController.swift in Sources */ = {isa = PBXBuildFile; fileRef = 1407D7BA1BFFCDD000DCD705 /* PopAnimationCloneViewController.swift */; };
		147030191C123CC900B6F088 /* SRParallaxTests.swift in Sources */ = {isa = PBXBuildFile; fileRef = 147030181C123CC900B6F088 /* SRParallaxTests.swift */; };
		147030211C123D6B00B6F088 /* ImageGenerator.swift in Sources */ = {isa = PBXBuildFile; fileRef = 147030201C123D6B00B6F088 /* ImageGenerator.swift */; };
/* End PBXBuildFile section */

/* Begin PBXContainerItemProxy section */
		1470301B1C123CC900B6F088 /* PBXContainerItemProxy */ = {
			isa = PBXContainerItemProxy;
			containerPortal = 1407D7961BFFBA9800DCD705 /* Project object */;
			proxyType = 1;
			remoteGlobalIDString = 1407D79D1BFFBA9800DCD705;
			remoteInfo = SRParallax;
		};
/* End PBXContainerItemProxy section */

/* Begin PBXCopyFilesBuildPhase section */
		1407D7B51BFFBD6600DCD705 /* Copy DSYM Files */ = {
			isa = PBXCopyFilesBuildPhase;
			buildActionMask = 2147483647;
			dstPath = "";
			dstSubfolderSpec = 10;
			files = (
				1407D7B71BFFBD9800DCD705 /* Cartography.framework.dSYM in Copy DSYM Files */,
			);
			name = "Copy DSYM Files";
			runOnlyForDeploymentPostprocessing = 0;
		};
/* End PBXCopyFilesBuildPhase section */

/* Begin PBXFileReference section */
		1407D79E1BFFBA9800DCD705 /* SRParallax.app */ = {isa = PBXFileReference; explicitFileType = wrapper.application; includeInIndex = 0; path = SRParallax.app; sourceTree = BUILT_PRODUCTS_DIR; };
		1407D7A11BFFBA9800DCD705 /* AppDelegate.swift */ = {isa = PBXFileReference; lastKnownFileType = sourcecode.swift; path = AppDelegate.swift; sourceTree = "<group>"; };
		1407D7A31BFFBA9800DCD705 /* ParallaxViewController.swift */ = {isa = PBXFileReference; lastKnownFileType = sourcecode.swift; path = ParallaxViewController.swift; sourceTree = "<group>"; };
		1407D7A61BFFBA9800DCD705 /* Base */ = {isa = PBXFileReference; lastKnownFileType = file.storyboard; name = Base; path = Base.lproj/Main.storyboard; sourceTree = "<group>"; };
		1407D7A81BFFBA9800DCD705 /* Assets.xcassets */ = {isa = PBXFileReference; lastKnownFileType = folder.assetcatalog; path = Assets.xcassets; sourceTree = "<group>"; };
		1407D7AB1BFFBA9800DCD705 /* Base */ = {isa = PBXFileReference; lastKnownFileType = file.storyboard; name = Base; path = Base.lproj/LaunchScreen.storyboard; sourceTree = "<group>"; };
		1407D7AD1BFFBA9800DCD705 /* Info.plist */ = {isa = PBXFileReference; lastKnownFileType = text.plist.xml; path = Info.plist; sourceTree = "<group>"; };
		1407D7B31BFFBD5C00DCD705 /* Cartography.framework */ = {isa = PBXFileReference; lastKnownFileType = wrapper.framework; name = Cartography.framework; path = ../Carthage/Build/iOS/Cartography.framework; sourceTree = "<group>"; };
		1407D7B61BFFBD9800DCD705 /* Cartography.framework.dSYM */ = {isa = PBXFileReference; lastKnownFileType = wrapper.dsym; path = Cartography.framework.dSYM; sourceTree = "<group>"; };
		1407D7BA1BFFCDD000DCD705 /* PopAnimationCloneViewController.swift */ = {isa = PBXFileReference; fileEncoding = 4; lastKnownFileType = sourcecode.swift; path = PopAnimationCloneViewController.swift; sourceTree = "<group>"; };
		147030161C123CC900B6F088 /* SRParallaxTests.xctest */ = {isa = PBXFileReference; explicitFileType = wrapper.cfbundle; includeInIndex = 0; path = SRParallaxTests.xctest; sourceTree = BUILT_PRODUCTS_DIR; };
		147030181C123CC900B6F088 /* SRParallaxTests.swift */ = {isa = PBXFileReference; lastKnownFileType = sourcecode.swift; path = SRParallaxTests.swift; sourceTree = "<group>"; };
		1470301A1C123CC900B6F088 /* Info.plist */ = {isa = PBXFileReference; lastKnownFileType = text.plist.xml; path = Info.plist; sourceTree = "<group>"; };
		147030201C123D6B00B6F088 /* ImageGenerator.swift */ = {isa = PBXFileReference; fileEncoding = 4; lastKnownFileType = sourcecode.swift; path = ImageGenerator.swift; sourceTree = "<group>"; };
/* End PBXFileReference section */

/* Begin PBXFrameworksBuildPhase section */
		1407D79B1BFFBA9800DCD705 /* Frameworks */ = {
			isa = PBXFrameworksBuildPhase;
			buildActionMask = 2147483647;
			files = (
				1407D7B41BFFBD5C00DCD705 /* Cartography.framework in Frameworks */,
			);
			runOnlyForDeploymentPostprocessing = 0;
		};
		147030131C123CC900B6F088 /* Frameworks */ = {
			isa = PBXFrameworksBuildPhase;
			buildActionMask = 2147483647;
			files = (
			);
			runOnlyForDeploymentPostprocessing = 0;
		};
/* End PBXFrameworksBuildPhase section */

/* Begin PBXGroup section */
		1407D7951BFFBA9800DCD705 = {
			isa = PBXGroup;
			children = (
				1407D7B61BFFBD9800DCD705 /* Cartography.framework.dSYM */,
				1407D7B31BFFBD5C00DCD705 /* Cartography.framework */,
				1407D7A01BFFBA9800DCD705 /* SRParallax */,
				147030171C123CC900B6F088 /* SRParallaxTests */,
				1407D79F1BFFBA9800DCD705 /* Products */,
			);
			sourceTree = "<group>";
		};
		1407D79F1BFFBA9800DCD705 /* Products */ = {
			isa = PBXGroup;
			children = (
				1407D79E1BFFBA9800DCD705 /* SRParallax.app */,
				147030161C123CC900B6F088 /* SRParallaxTests.xctest */,
			);
			name = Products;
			sourceTree = "<group>";
		};
		1407D7A01BFFBA9800DCD705 /* SRParallax */ = {
			isa = PBXGroup;
			children = (
				1407D7A11BFFBA9800DCD705 /* AppDelegate.swift */,
				1407D7A31BFFBA9800DCD705 /* ParallaxViewController.swift */,
				147030201C123D6B00B6F088 /* ImageGenerator.swift */,
				1407D7BA1BFFCDD000DCD705 /* PopAnimationCloneViewController.swift */,
				1407D7A51BFFBA9800DCD705 /* Main.storyboard */,
				1407D7A81BFFBA9800DCD705 /* Assets.xcassets */,
				1407D7AA1BFFBA9800DCD705 /* LaunchScreen.storyboard */,
				1407D7AD1BFFBA9800DCD705 /* Info.plist */,
			);
			path = SRParallax;
			sourceTree = "<group>";
		};
		147030171C123CC900B6F088 /* SRParallaxTests */ = {
			isa = PBXGroup;
			children = (
				147030181C123CC900B6F088 /* SRParallaxTests.swift */,
				1470301A1C123CC900B6F088 /* Info.plist */,
			);
			path = SRParallaxTests;
			sourceTree = "<group>";
		};
/* End PBXGroup section */

/* Begin PBXNativeTarget section */
		1407D79D1BFFBA9800DCD705 /* SRParallax */ = {
			isa = PBXNativeTarget;
			buildConfigurationList = 1407D7B01BFFBA9800DCD705 /* Build configuration list for PBXNativeTarget "SRParallax" */;
			buildPhases = (
				1407D79A1BFFBA9800DCD705 /* Sources */,
				1407D79B1BFFBA9800DCD705 /* Frameworks */,
				1407D79C1BFFBA9800DCD705 /* Resources */,
				1407D7B51BFFBD6600DCD705 /* Copy DSYM Files */,
				1407D7B91BFFBDB500DCD705 /* ShellScript */,
			);
			buildRules = (
			);
			dependencies = (
			);
			name = SRParallax;
			productName = SRParallax;
			productReference = 1407D79E1BFFBA9800DCD705 /* SRParallax.app */;
			productType = "com.apple.product-type.application";
		};
		147030151C123CC900B6F088 /* SRParallaxTests */ = {
			isa = PBXNativeTarget;
			buildConfigurationList = 1470301F1C123CC900B6F088 /* Build configuration list for PBXNativeTarget "SRParallaxTests" */;
			buildPhases = (
				147030121C123CC900B6F088 /* Sources */,
				147030131C123CC900B6F088 /* Frameworks */,
				147030141C123CC900B6F088 /* Resources */,
			);
			buildRules = (
			);
			dependencies = (
				1470301C1C123CC900B6F088 /* PBXTargetDependency */,
			);
			name = SRParallaxTests;
			productName = SRParallaxTests;
			productReference = 147030161C123CC900B6F088 /* SRParallaxTests.xctest */;
			productType = "com.apple.product-type.bundle.unit-test";
		};
/* End PBXNativeTarget section */

/* Begin PBXProject section */
		1407D7961BFFBA9800DCD705 /* Project object */ = {
			isa = PBXProject;
			attributes = {
				LastSwiftUpdateCheck = 0710;
				LastUpgradeCheck = 0710;
				ORGANIZATIONNAME = "Louis Tur";
				TargetAttributes = {
					1407D79D1BFFBA9800DCD705 = {
						CreatedOnToolsVersion = 7.1.1;
					};
					147030151C123CC900B6F088 = {
						CreatedOnToolsVersion = 7.1.1;
						TestTargetID = 1407D79D1BFFBA9800DCD705;
					};
				};
			};
			buildConfigurationList = 1407D7991BFFBA9800DCD705 /* Build configuration list for PBXProject "SRParallax" */;
			compatibilityVersion = "Xcode 3.2";
			developmentRegion = English;
			hasScannedForEncodings = 0;
			knownRegions = (
				en,
				Base,
			);
			mainGroup = 1407D7951BFFBA9800DCD705;
			productRefGroup = 1407D79F1BFFBA9800DCD705 /* Products */;
			projectDirPath = "";
			projectRoot = "";
			targets = (
				1407D79D1BFFBA9800DCD705 /* SRParallax */,
				147030151C123CC900B6F088 /* SRParallaxTests */,
			);
		};
/* End PBXProject section */

/* Begin PBXResourcesBuildPhase section */
		1407D79C1BFFBA9800DCD705 /* Resources */ = {
			isa = PBXResourcesBuildPhase;
			buildActionMask = 2147483647;
			files = (
				1407D7AC1BFFBA9800DCD705 /* LaunchScreen.storyboard in Resources */,
				1407D7A91BFFBA9800DCD705 /* Assets.xcassets in Resources */,
				1407D7A71BFFBA9800DCD705 /* Main.storyboard in Resources */,
			);
			runOnlyForDeploymentPostprocessing = 0;
		};
		147030141C123CC900B6F088 /* Resources */ = {
			isa = PBXResourcesBuildPhase;
			buildActionMask = 2147483647;
			files = (
			);
			runOnlyForDeploymentPostprocessing = 0;
		};
/* End PBXResourcesBuildPhase section */

/* Begin PBXShellScriptBuildPhase section */
		1407D7B91BFFBDB500DCD705 /* ShellScript */ = {
			isa = PBXShellScriptBuildPhase;
			buildActionMask = 2147483647;
			files = (
			);
			inputPaths = (
				"$(SRCROOT)/../Carthage/Build/iOS/Cartography.framework",
			);
			outputPaths = (
			);
			runOnlyForDeploymentPostprocessing = 0;
			shellPath = /bin/sh;
			shellScript = "/usr/local/bin/carthage copy-frameworks";
		};
/* End PBXShellScriptBuildPhase section */

/* Begin PBXSourcesBuildPhase section */
		1407D79A1BFFBA9800DCD705 /* Sources */ = {
			isa = PBXSourcesBuildPhase;
			buildActionMask = 2147483647;
			files = (
				1407D7A41BFFBA9800DCD705 /* ParallaxViewController.swift in Sources */,
				147030211C123D6B00B6F088 /* ImageGenerator.swift in Sources */,
				1407D7A21BFFBA9800DCD705 /* AppDelegate.swift in Sources */,
				1407D7BB1BFFCDD000DCD705 /* PopAnimationCloneViewController.swift in Sources */,
			);
			runOnlyForDeploymentPostprocessing = 0;
		};
		147030121C123CC900B6F088 /* Sources */ = {
			isa = PBXSourcesBuildPhase;
			buildActionMask = 2147483647;
			files = (
				147030191C123CC900B6F088 /* SRParallaxTests.swift in Sources */,
			);
			runOnlyForDeploymentPostprocessing = 0;
		};
/* End PBXSourcesBuildPhase section */

/* Begin PBXTargetDependency section */
		1470301C1C123CC900B6F088 /* PBXTargetDependency */ = {
			isa = PBXTargetDependency;
			target = 1407D79D1BFFBA9800DCD705 /* SRParallax */;
			targetProxy = 1470301B1C123CC900B6F088 /* PBXContainerItemProxy */;
		};
/* End PBXTargetDependency section */

/* Begin PBXVariantGroup section */
		1407D7A51BFFBA9800DCD705 /* Main.storyboard */ = {
			isa = PBXVariantGroup;
			children = (
				1407D7A61BFFBA9800DCD705 /* Base */,
			);
			name = Main.storyboard;
			sourceTree = "<group>";
		};
		1407D7AA1BFFBA9800DCD705 /* LaunchScreen.storyboard */ = {
			isa = PBXVariantGroup;
			children = (
				1407D7AB1BFFBA9800DCD705 /* Base */,
			);
			name = LaunchScreen.storyboard;
			sourceTree = "<group>";
		};
/* End PBXVariantGroup section */

/* Begin XCBuildConfiguration section */
		1407D7AE1BFFBA9800DCD705 /* Debug */ = {
			isa = XCBuildConfiguration;
			buildSettings = {
				ALWAYS_SEARCH_USER_PATHS = NO;
				CLANG_CXX_LANGUAGE_STANDARD = "gnu++0x";
				CLANG_CXX_LIBRARY = "libc++";
				CLANG_ENABLE_MODULES = YES;
				CLANG_ENABLE_OBJC_ARC = YES;
				CLANG_WARN_BOOL_CONVERSION = YES;
				CLANG_WARN_CONSTANT_CONVERSION = YES;
				CLANG_WARN_DIRECT_OBJC_ISA_USAGE = YES_ERROR;
				CLANG_WARN_EMPTY_BODY = YES;
				CLANG_WARN_ENUM_CONVERSION = YES;
				CLANG_WARN_INT_CONVERSION = YES;
				CLANG_WARN_OBJC_ROOT_CLASS = YES_ERROR;
				CLANG_WARN_UNREACHABLE_CODE = YES;
				CLANG_WARN__DUPLICATE_METHOD_MATCH = YES;
				"CODE_SIGN_IDENTITY[sdk=iphoneos*]" = "iPhone Developer";
				COPY_PHASE_STRIP = NO;
				DEBUG_INFORMATION_FORMAT = dwarf;
				ENABLE_STRICT_OBJC_MSGSEND = YES;
				ENABLE_TESTABILITY = YES;
				GCC_C_LANGUAGE_STANDARD = gnu99;
				GCC_DYNAMIC_NO_PIC = NO;
				GCC_NO_COMMON_BLOCKS = YES;
				GCC_OPTIMIZATION_LEVEL = 0;
				GCC_PREPROCESSOR_DEFINITIONS = (
					"DEBUG=1",
					"$(inherited)",
				);
				GCC_WARN_64_TO_32_BIT_CONVERSION = YES;
				GCC_WARN_ABOUT_RETURN_TYPE = YES_ERROR;
				GCC_WARN_UNDECLARED_SELECTOR = YES;
				GCC_WARN_UNINITIALIZED_AUTOS = YES_AGGRESSIVE;
				GCC_WARN_UNUSED_FUNCTION = YES;
				GCC_WARN_UNUSED_VARIABLE = YES;
				IPHONEOS_DEPLOYMENT_TARGET = 9.1;
				MTL_ENABLE_DEBUG_INFO = YES;
				ONLY_ACTIVE_ARCH = YES;
				SDKROOT = iphoneos;
				SWIFT_OPTIMIZATION_LEVEL = "-Onone";
			};
			name = Debug;
		};
		1407D7AF1BFFBA9800DCD705 /* Release */ = {
			isa = XCBuildConfiguration;
			buildSettings = {
				ALWAYS_SEARCH_USER_PATHS = NO;
				CLANG_CXX_LANGUAGE_STANDARD = "gnu++0x";
				CLANG_CXX_LIBRARY = "libc++";
				CLANG_ENABLE_MODULES = YES;
				CLANG_ENABLE_OBJC_ARC = YES;
				CLANG_WARN_BOOL_CONVERSION = YES;
				CLANG_WARN_CONSTANT_CONVERSION = YES;
				CLANG_WARN_DIRECT_OBJC_ISA_USAGE = YES_ERROR;
				CLANG_WARN_EMPTY_BODY = YES;
				CLANG_WARN_ENUM_CONVERSION = YES;
				CLANG_WARN_INT_CONVERSION = YES;
				CLANG_WARN_OBJC_ROOT_CLASS = YES_ERROR;
				CLANG_WARN_UNREACHABLE_CODE = YES;
				CLANG_WARN__DUPLICATE_METHOD_MATCH = YES;
				"CODE_SIGN_IDENTITY[sdk=iphoneos*]" = "iPhone Developer";
				COPY_PHASE_STRIP = NO;
				DEBUG_INFORMATION_FORMAT = "dwarf-with-dsym";
				ENABLE_NS_ASSERTIONS = NO;
				ENABLE_STRICT_OBJC_MSGSEND = YES;
				GCC_C_LANGUAGE_STANDARD = gnu99;
				GCC_NO_COMMON_BLOCKS = YES;
				GCC_WARN_64_TO_32_BIT_CONVERSION = YES;
				GCC_WARN_ABOUT_RETURN_TYPE = YES_ERROR;
				GCC_WARN_UNDECLARED_SELECTOR = YES;
				GCC_WARN_UNINITIALIZED_AUTOS = YES_AGGRESSIVE;
				GCC_WARN_UNUSED_FUNCTION = YES;
				GCC_WARN_UNUSED_VARIABLE = YES;
				IPHONEOS_DEPLOYMENT_TARGET = 9.1;
				MTL_ENABLE_DEBUG_INFO = NO;
				SDKROOT = iphoneos;
				VALIDATE_PRODUCT = YES;
			};
			name = Release;
		};
		1407D7B11BFFBA9800DCD705 /* Debug */ = {
			isa = XCBuildConfiguration;
			buildSettings = {
				ASSETCATALOG_COMPILER_APPICON_NAME = AppIcon;
				FRAMEWORK_SEARCH_PATHS = "$(SRCROOT)/../Carthage/Build/iOS/";
				INFOPLIST_FILE = SRParallax/Info.plist;
				LD_RUNPATH_SEARCH_PATHS = "$(inherited) @executable_path/Frameworks";
				PRODUCT_BUNDLE_IDENTIFIER = com.SRLabs.swift.SRParallax;
				PRODUCT_NAME = "$(TARGET_NAME)";
			};
			name = Debug;
		};
		1407D7B21BFFBA9800DCD705 /* Release */ = {
			isa = XCBuildConfiguration;
			buildSettings = {
				ASSETCATALOG_COMPILER_APPICON_NAME = AppIcon;
				FRAMEWORK_SEARCH_PATHS = "$(SRCROOT)/../Carthage/Build/iOS/";
				INFOPLIST_FILE = SRParallax/Info.plist;
				LD_RUNPATH_SEARCH_PATHS = "$(inherited) @executable_path/Frameworks";
				PRODUCT_BUNDLE_IDENTIFIER = com.SRLabs.swift.SRParallax;
				PRODUCT_NAME = "$(TARGET_NAME)";
			};
			name = Release;
		};
		1470301D1C123CC900B6F088 /* Debug */ = {
			isa = XCBuildConfiguration;
			buildSettings = {
				BUNDLE_LOADER = "$(TEST_HOST)";
				INFOPLIST_FILE = SRParallaxTests/Info.plist;
				LD_RUNPATH_SEARCH_PATHS = "$(inherited) @executable_path/Frameworks @loader_path/Frameworks";
				PRODUCT_BUNDLE_IDENTIFIER = com.SRLabs.swift.SRParallaxTests;
				PRODUCT_NAME = "$(TARGET_NAME)";
				TEST_HOST = "$(BUILT_PRODUCTS_DIR)/SRParallax.app/SRParallax";
			};
			name = Debug;
		};
		1470301E1C123CC900B6F088 /* Release */ = {
			isa = XCBuildConfiguration;
			buildSettings = {
				BUNDLE_LOADER = "$(TEST_HOST)";
				INFOPLIST_FILE = SRParallaxTests/Info.plist;
				LD_RUNPATH_SEARCH_PATHS = "$(inherited) @executable_path/Frameworks @loader_path/Frameworks";
				PRODUCT_BUNDLE_IDENTIFIER = com.SRLabs.swift.SRParallaxTests;
				PRODUCT_NAME = "$(TARGET_NAME)";
				TEST_HOST = "$(BUILT_PRODUCTS_DIR)/SRParallax.app/SRParallax";
			};
			name = Release;
		};
/* End XCBuildConfiguration section */

/* Begin XCConfigurationList section */
		1407D7991BFFBA9800DCD705 /* Build configuration list for PBXProject "SRParallax" */ = {
			isa = XCConfigurationList;
			buildConfigurations = (
				1407D7AE1BFFBA9800DCD705 /* Debug */,
				1407D7AF1BFFBA9800DCD705 /* Release */,
			);
			defaultConfigurationIsVisible = 0;
			defaultConfigurationName = Release;
		};
		1407D7B01BFFBA9800DCD705 /* Build configuration list for PBXNativeTarget "SRParallax" */ = {
			isa = XCConfigurationList;
			buildConfigurations = (
				1407D7B11BFFBA9800DCD705 /* Debug */,
				1407D7B21BFFBA9800DCD705 /* Release */,
			);
			defaultConfigurationIsVisible = 0;
			defaultConfigurationName = Release;
		};
		1470301F1C123CC900B6F088 /* Build configuration list for PBXNativeTarget "SRParallaxTests" */ = {
			isa = XCConfigurationList;
			buildConfigurations = (
				1470301D1C123CC900B6F088 /* Debug */,
				1470301E1C123CC900B6F088 /* Release */,
			);
			defaultConfigurationIsVisible = 0;
		};
/* End XCConfigurationList section */
	};
	rootObject = 1407D7961BFFBA9800DCD705 /* Project object */;
}
